
Microsoft Visual Studio Solution File, Format Version 12.00
# Visual Studio Version 16
VisualStudioVersion = 16.0.30621.155
MinimumVisualStudioVersion = 10.0.40219.1
Project("{9A19103F-16F7-4668-BE54-9A1E7A4F7556}") = "ProbesAPI", "Probes\ProbesAPI.csproj", "{0C8905C2-27BC-4910-B9D5-62BAE9D536F9}"
EndProject
Project("{9A19103F-16F7-4668-BE54-9A1E7A4F7556}") = "ProbesLib", "ProbesLib\ProbesLib.csproj", "{55D3137C-3271-45F4-98CB-4F3E4FB1B1FA}"
EndProject
Global
	GlobalSection(SolutionConfigurationPlatforms) = preSolution
		Debug|Any CPU = Debug|Any CPU
		Release|Any CPU = Release|Any CPU
	EndGlobalSection
	GlobalSection(ProjectConfigurationPlatforms) = postSolution
		{0C8905C2-27BC-4910-B9D5-62BAE9D536F9}.Debug|Any CPU.ActiveCfg = Debug|Any CPU
		{0C8905C2-27BC-4910-B9D5-62BAE9D536F9}.Debug|Any CPU.Build.0 = Debug|Any CPU
		{0C8905C2-27BC-4910-B9D5-62BAE9D536F9}.Release|Any CPU.ActiveCfg = Release|Any CPU
		{0C8905C2-27BC-4910-B9D5-62BAE9D536F9}.Release|Any CPU.Build.0 = Release|Any CPU
		{55D3137C-3271-45F4-98CB-4F3E4FB1B1FA}.Debug|Any CPU.ActiveCfg = Debug|Any CPU
		{55D3137C-3271-45F4-98CB-4F3E4FB1B1FA}.Debug|Any CPU.Build.0 = Debug|Any CPU
		{55D3137C-3271-45F4-98CB-4F3E4FB1B1FA}.Release|Any CPU.ActiveCfg = Release|Any CPU
		{55D3137C-3271-45F4-98CB-4F3E4FB1B1FA}.Release|Any CPU.Build.0 = Release|Any CPU
	EndGlobalSection
	GlobalSection(SolutionProperties) = preSolution
		HideSolutionNode = FALSE
	EndGlobalSection
	GlobalSection(ExtensibilityGlobals) = postSolution
		SolutionGuid = {9A2934DB-6604-4D04-BB1C-0ACE56350A44}
	EndGlobalSection
EndGlobal
